
Microsoft Visual Studio Solution File, Format Version 11.00
# Visual Studio 2010
Project("{FAE04EC0-301F-11D3-BF4B-00C04F79EFBC}") = "Assembly-CSharp", "Assembly-CSharp.csproj", "{FCFBC5D5-6743-ECB9-2E50-36C5AF8DED47}"
EndProject
Project("{FAE04EC0-301F-11D3-BF4B-00C04F79EFBC}") = "Assembly-CSharp-Editor", "Assembly-CSharp-Editor.csproj", "{0562BFB1-BA7F-63D6-4552-D061A087B112}"
EndProject
Global
	GlobalSection(SolutionConfigurationPlatforms) = preSolution
		Debug|Any CPU = Debug|Any CPU
		Release|Any CPU = Release|Any CPU
	EndGlobalSection
	GlobalSection(ProjectConfigurationPlatforms) = postSolution
		{FCFBC5D5-6743-ECB9-2E50-36C5AF8DED47}.Debug|Any CPU.ActiveCfg = Debug|Any CPU
		{FCFBC5D5-6743-ECB9-2E50-36C5AF8DED47}.Debug|Any CPU.Build.0 = Debug|Any CPU
		{FCFBC5D5-6743-ECB9-2E50-36C5AF8DED47}.Release|Any CPU.ActiveCfg = Release|Any CPU
		{FCFBC5D5-6743-ECB9-2E50-36C5AF8DED47}.Release|Any CPU.Build.0 = Release|Any CPU
		{0562BFB1-BA7F-63D6-4552-D061A087B112}.Debug|Any CPU.ActiveCfg = Debug|Any CPU
		{0562BFB1-BA7F-63D6-4552-D061A087B112}.Debug|Any CPU.Build.0 = Debug|Any CPU
		{0562BFB1-BA7F-63D6-4552-D061A087B112}.Release|Any CPU.ActiveCfg = Release|Any CPU
		{0562BFB1-BA7F-63D6-4552-D061A087B112}.Release|Any CPU.Build.0 = Release|Any CPU
	EndGlobalSection
	GlobalSection(SolutionProperties) = preSolution
		HideSolutionNode = FALSE
	EndGlobalSection
	GlobalSection(MonoDevelopProperties) = preSolution
		StartupItem = Assembly-CSharp.csproj
	EndGlobalSection
EndGlobal
